{
  "name": "CyberCell-New",
  "lockfileVersion": 3,
  "requires": true,
  "packages": {
    "": {
      "dependencies": {
        "animejs": "^3.2.1",
        "vanta": "^0.5.24"
      }
    },
    "node_modules/animejs": {
      "version": "3.2.1",
      "resolved": "https://registry.npmjs.org/animejs/-/animejs-3.2.1.tgz",
      "integrity": "sha512-sWno3ugFryK5nhiDm/2BKeFCpZv7vzerWUcUPyAZLDhMek3+S/p418ldZJbJXo5ZUOpfm2kP2XRO4NJcULMy9A=="
    },
    "node_modules/vanta": {
      "version": "0.5.24",
      "resolved": "https://registry.npmjs.org/vanta/-/vanta-0.5.24.tgz",
      "integrity": "sha512-fvieEbHy1ZS23zrcX+topzqAgA4Uct1enngOEWLFBgs9TtOf6RDFOYatH7KSVdrABzQDMCQ5myQy+nTSZZwLzg=="
    }
  }
}
